<?xml version="1.0" encoding="utf-8"?>
<Project ToolsVersion="4.0" xmlns="http://schemas.microsoft.com/developer/msbuild/2003">
  <ItemGroup>
    <Filter Include="소스 파일">
      <UniqueIdentifier>{4FC737F1-C7A5-4376-A066-2A32D752A2FF}</UniqueIdentifier>
      <Extensions>cpp;c;cc;cxx;c++;cppm;ixx;def;odl;idl;hpj;bat;asm;asmx</Extensions>
    </Filter>
    <Filter Include="헤더 파일">
      <UniqueIdentifier>{93995380-89BD-4b04-88EB-625FBE52EBFB}</UniqueIdentifier>
      <Extensions>h;hh;hpp;hxx;h++;hm;inl;inc;ipp;xsd</Extensions>
    </Filter>
    <Filter Include="리소스 파일">
      <UniqueIdentifier>{67DA6AB6-F800-4c08-8B7A-83BB121AAD01}</UniqueIdentifier>
      <Extensions>rc;ico;cur;bmp;dlg;rc2;rct;bin;rgs;gif;jpg;jpeg;jpe;resx;tiff;tif;png;wav;mfcribbon-ms</Extensions>
    </Filter>
  </ItemGroup>
  <ItemGroup>
    <ClInclude Include="..\..\..\Downloads\Tutorial 2D Rendering-20221014\CGP-Tutorial-Billboarding-Src\AlignedAllocationPolicy.h">
      <Filter>헤더 파일</Filter>
    </ClInclude>
    <ClInclude Include="..\..\..\Downloads\Tutorial 2D Rendering-20221014\CGP-Tutorial-Billboarding-Src\CameraClass.h">
      <Filter>헤더 파일</Filter>
    </ClInclude>
    <ClInclude Include="..\..\..\Downloads\Tutorial 2D Rendering-20221014\CGP-Tutorial-Billboarding-Src\D3DClass.h">
      <Filter>헤더 파일</Filter>
    </ClInclude>
    <ClInclude Include="..\..\..\Downloads\Tutorial 2D Rendering-20221014\CGP-Tutorial-Billboarding-Src\DDSTextureLoader.h">
      <Filter>헤더 파일</Filter>
    </ClInclude>
    <ClInclude Include="..\..\..\Downloads\Tutorial 2D Rendering-20221014\CGP-Tutorial-Billboarding-Src\GraphicsClass.h">
      <Filter>헤더 파일</Filter>
    </ClInclude>
    <ClInclude Include="..\..\..\Downloads\Tutorial 2D Rendering-20221014\CGP-Tutorial-Billboarding-Src\DxDefine.h">
      <Filter>헤더 파일</Filter>
    </ClInclude>
    <ClInclude Include="..\..\..\Downloads\Tutorial 2D Rendering-20221014\CGP-Tutorial-Billboarding-Src\InputClass.h">
      <Filter>헤더 파일</Filter>
    </ClInclude>
    <ClInclude Include="..\..\..\Downloads\Tutorial 2D Rendering-20221014\CGP-Tutorial-Billboarding-Src\ModelClass.h">
      <Filter>헤더 파일</Filter>
    </ClInclude>
    <ClInclude Include="..\..\..\Downloads\Tutorial 2D Rendering-20221014\CGP-Tutorial-Billboarding-Src\PositionClass.h">
      <Filter>헤더 파일</Filter>
    </ClInclude>
    <ClInclude Include="..\..\..\Downloads\Tutorial 2D Rendering-20221014\CGP-Tutorial-Billboarding-Src\stdafx.h">
      <Filter>헤더 파일</Filter>
    </ClInclude>
    <ClInclude Include="..\..\..\Downloads\Tutorial 2D Rendering-20221014\CGP-Tutorial-Billboarding-Src\targetver.h">
      <Filter>헤더 파일</Filter>
    </ClInclude>
    <ClInclude Include="..\..\..\Downloads\Tutorial 2D Rendering-20221014\CGP-Tutorial-Billboarding-Src\SystemClass.h">
      <Filter>헤더 파일</Filter>
    </ClInclude>
    <ClInclude Include="..\..\..\Downloads\Tutorial 2D Rendering-20221014\CGP-Tutorial-Billboarding-Src\TextureClass.h">
      <Filter>헤더 파일</Filter>
    </ClInclude>
    <ClInclude Include="..\..\..\Downloads\Tutorial 2D Rendering-20221014\CGP-Tutorial-Billboarding-Src\TextureShaderClass.h">
      <Filter>헤더 파일</Filter>
    </ClInclude>
    <ClInclude Include="..\..\..\Downloads\Tutorial 2D Rendering-20221014\CGP-Tutorial-Billboarding-Src\TimerClass.h">
      <Filter>헤더 파일</Filter>
    </ClInclude>
  </ItemGroup>
  <ItemGroup>
    <ClCompile Include="..\..\..\Downloads\Tutorial 2D Rendering-20221014\CGP-Tutorial-Billboarding-Src\GraphicsClass.cpp">
      <Filter>소스 파일</Filter>
    </ClCompile>
    <ClCompile Include="..\..\..\Downloads\Tutorial 2D Rendering-20221014\CGP-Tutorial-Billboarding-Src\InputClass.cpp">
      <Filter>소스 파일</Filter>
    </ClCompile>
    <ClCompile Include="..\..\..\Downloads\Tutorial 2D Rendering-20221014\CGP-Tutorial-Billboarding-Src\main.cpp">
      <Filter>소스 파일</Filter>
    </ClCompile>
    <ClCompile Include="..\..\..\Downloads\Tutorial 2D Rendering-20221014\CGP-Tutorial-Billboarding-Src\ModelClass.cpp">
      <Filter>소스 파일</Filter>
    </ClCompile>
    <ClCompile Include="..\..\..\Downloads\Tutorial 2D Rendering-20221014\CGP-Tutorial-Billboarding-Src\PositionClass.cpp">
      <Filter>소스 파일</Filter>
    </ClCompile>
    <ClCompile Include="..\..\..\Downloads\Tutorial 2D Rendering-20221014\CGP-Tutorial-Billboarding-Src\stdafx.cpp">
      <Filter>소스 파일</Filter>
    </ClCompile>
    <ClCompile Include="..\..\..\Downloads\Tutorial 2D Rendering-20221014\CGP-Tutorial-Billboarding-Src\SystemClass.cpp">
      <Filter>소스 파일</Filter>
    </ClCompile>
    <ClCompile Include="..\..\..\Downloads\Tutorial 2D Rendering-20221014\CGP-Tutorial-Billboarding-Src\TextureClass.cpp">
      <Filter>소스 파일</Filter>
    </ClCompile>
    <ClCompile Include="..\..\..\Downloads\Tutorial 2D Rendering-20221014\CGP-Tutorial-Billboarding-Src\TextureShaderClass.cpp">
      <Filter>소스 파일</Filter>
    </ClCompile>
    <ClCompile Include="..\..\..\Downloads\Tutorial 2D Rendering-20221014\CGP-Tutorial-Billboarding-Src\TimerClass.cpp">
      <Filter>소스 파일</Filter>
    </ClCompile>
    <ClCompile Include="..\..\..\Downloads\Tutorial 2D Rendering-20221014\CGP-Tutorial-Billboarding-Src\CameraClass.cpp">
      <Filter>소스 파일</Filter>
    </ClCompile>
    <ClCompile Include="..\..\..\Downloads\Tutorial 2D Rendering-20221014\CGP-Tutorial-Billboarding-Src\D3DClass.cpp">
      <Filter>소스 파일</Filter>
    </ClCompile>
    <ClCompile Include="..\..\..\Downloads\Tutorial 2D Rendering-20221014\CGP-Tutorial-Billboarding-Src\DDSTextureLoader.cpp">
      <Filter>소스 파일</Filter>
    </ClCompile>
  </ItemGroup>
</Project>